<?xml version="1.0" encoding="utf-8"?>
<Project ToolsVersion="4.0" xmlns="http://schemas.microsoft.com/developer/msbuild/2003">
  <ItemGroup>
    <ClCompile Include="src\Sandbox.cpp" />
    <ClCompile Include="src\Layers\ExampleLayer.cpp" />
  </ItemGroup>
  <ItemGroup>
    <ClInclude Include="src\Layers\ExampleLayer.h" />
  </ItemGroup>
  <ItemGroup>
    <Image Include="src\Assets\Images\free_image.png" />
    <Image Include="src\Assets\Images\Crate.png" />
    <Image Include="src\Assets\Images\Checkerboard.png" />
  </ItemGroup>
  <ItemGroup>
    <None Include="src\Assets\Shaders\texture.glsl" />
    <None Include="src\Assets\Shaders\basic.glsl" />
    <None Include="src\Assets\Shaders\simple_mesh_2d.glsl" />
  </ItemGroup>
</Project>