<?xml version="1.0" encoding="utf-8"?>
<Project ToolsVersion="4.0" xmlns="http://schemas.microsoft.com/developer/msbuild/2003">
  <ItemGroup>
    <ClInclude Include="src\Rendering\Meshes\IMesh.h" />
    <ClInclude Include="src\Rendering\Meshes\Mesh2D.h" />
    <ClInclude Include="include\Controllers\ICameraController.h" />
    <ClInclude Include="include\Controllers\IController.h" />
    <ClInclude Include="include\Controllers\OrthographicCameraController.h" />
    <ClInclude Include="include\Core\IEventable.h" />
    <ClInclude Include="include\Core\IInitializable.h" />
    <ClInclude Include="include\Core\IRenderable.h" />
    <ClInclude Include="include\Core\IUpdatable.h" />
    <ClInclude Include="include\Core\TimeStep.h" />
    <ClInclude Include="include\Core\Utility.h" />
    <ClInclude Include="include\dependencies\imgui\examples\imgui_impl_opengl3.h" />
    <ClInclude Include="include\dependencies\imgui\examples\imgui_impl_sdl.h" />
    <ClInclude Include="include\dependencies\imgui\imconfig.h" />
    <ClInclude Include="include\dependencies\imgui\imgui.h" />
    <ClInclude Include="include\dependencies\imgui\imgui_internal.h" />
    <ClInclude Include="include\dependencies\imgui\imstb_rectpack.h" />
    <ClInclude Include="include\dependencies\imgui\imstb_textedit.h" />
    <ClInclude Include="include\dependencies\imgui\imstb_truetype.h" />
    <ClInclude Include="include\Event\CoreEvent.h" />
    <ClInclude Include="include\Event\EngineClosedEvent.h" />
    <ClInclude Include="include\Event\EventCategory.h" />
    <ClInclude Include="include\Event\EventDispatcher.h" />
    <ClInclude Include="include\Event\EventType.h" />
    <ClInclude Include="include\Event\KeyEvent.h" />
    <ClInclude Include="include\Event\KeyPressedEvent.h" />
    <ClInclude Include="include\Event\KeyReleasedEvent.h" />
    <ClInclude Include="include\Event\MouseButtonMovedEvent.h" />
    <ClInclude Include="include\Event\MouseButtonPressedEvent.h" />
    <ClInclude Include="include\Event\MouseButtonReleasedEvent.h" />
    <ClInclude Include="include\Event\MouseButtonWheelEvent.h" />
    <ClInclude Include="include\Event\MouseEvent.h" />
    <ClInclude Include="include\Event\TextInputEvent.h" />
    <ClInclude Include="include\Event\WindowClosedEvent.h" />
    <ClInclude Include="include\Event\WindowMaximizedEvent.h" />
    <ClInclude Include="include\Event\WindowMinimizedEvent.h" />
    <ClInclude Include="include\Event\WindowResizedEvent.h" />
    <ClInclude Include="include\Event\WindowsRestoredEvent.h" />
    <ClInclude Include="include\Inputs\IDevice.h" />
    <ClInclude Include="include\Inputs\IKeyboardEventCallback.h" />
    <ClInclude Include="include\Inputs\IMouseEventCallback.h" />
    <ClInclude Include="include\Inputs\ITextInputEventCallback.h" />
    <ClInclude Include="include\Inputs\Keyboard.h" />
    <ClInclude Include="include\Inputs\KeyCode.h" />
    <ClInclude Include="include\Inputs\Mouse.h" />
    <ClInclude Include="include\Layers\ImguiLayer.h" />
    <ClInclude Include="include\Layers\Layer.h" />
    <ClInclude Include="include\Managers\IAssetManager.h" />
    <ClInclude Include="include\Managers\IManager.h" />
    <ClInclude Include="include\Managers\ShaderManager.h" />
    <ClInclude Include="include\Managers\TextureManager.h" />
    <ClInclude Include="include\Rendering\Buffers\BufferLayout.h" />
    <ClInclude Include="include\Rendering\Buffers\GraphicBuffer.h" />
    <ClInclude Include="include\Rendering\Buffers\IndexBuffer.h" />
    <ClInclude Include="include\Rendering\Buffers\VertexArray.h" />
    <ClInclude Include="include\Rendering\Buffers\VertexBuffer.h" />
    <ClInclude Include="include\Rendering\Cameras\Camera.h" />
    <ClInclude Include="include\Rendering\Cameras\OrthographicCamera.h" />
    <ClInclude Include="include\Rendering\Cameras\PerspectiveCamera.h" />
    <ClInclude Include="include\Rendering\Geometries\IGeometry.h" />
    <ClInclude Include="include\Rendering\Geometries\QuadGeometry.h" />
    <ClInclude Include="include\Rendering\Geometries\SquareGeometry.h" />
    <ClInclude Include="include\Rendering\Graphics\SDLGraphic\OpenGLContext.h" />
    <ClInclude Include="include\Rendering\Graphics\GraphicContext.h" />
    <ClInclude Include="include\Rendering\Materials\IMaterial.h" />
    <ClInclude Include="include\Rendering\Materials\SimpleMaterial2D.h" />
    <ClInclude Include="include\Rendering\Meshes\Mesh.h" />
    <ClInclude Include="include\Rendering\Renderers\Storages\GraphicRendererStorage.h" />
    <ClInclude Include="include\Rendering\Renderers\Storages\GraphicVertex.h" />
    <ClInclude Include="include\Rendering\Renderers\Storages\IVertex.h" />
    <ClInclude Include="include\Rendering\Renderers\GraphicRenderer.h" />
    <ClInclude Include="include\Rendering\Renderers\GraphicRenderer2D.h" />
    <ClInclude Include="include\Rendering\Renderers\GraphicRenderer3D.h" />
    <ClInclude Include="include\Rendering\Renderers\RenderCommand.h" />
    <ClInclude Include="include\Rendering\Scenes\GraphicScene.h" />
    <ClInclude Include="include\Rendering\Shaders\Shader.h" />
    <ClInclude Include="include\Rendering\Textures\Texture.h" />
    <ClInclude Include="include\Rendering\Textures\Texture2D.h" />
    <ClInclude Include="include\Window\SDLWin\OpenGLWindow.h" />
    <ClInclude Include="include\Window\CoreWindow.h" />
    <ClInclude Include="include\Window\ICoreWindowEventCallback.h" />
    <ClInclude Include="include\Window\WindowProperty.h" />
    <ClInclude Include="include\Engine.h" />
    <ClInclude Include="include\EntryPoint.h" />
    <ClInclude Include="include\LayerStack.h" />
    <ClInclude Include="include\Z_Engine.h" />
    <ClInclude Include="include\Z_EngineDef.h" />
    <ClInclude Include="include\Rendering\Materials\ShaderMaterial.h" />
    <ClInclude Include="include\Rendering\Materials\StandardMaterial.h" />
    <ClInclude Include="include\Rendering\Meshes\MeshBuilder.h" />
  </ItemGroup>
  <ItemGroup>
    <ClCompile Include="include\Controllers\OrthographicCameraController.cpp" />
    <ClCompile Include="include\dependencies\imgui\examples\imgui_impl_opengl3.cpp" />
    <ClCompile Include="include\dependencies\imgui\examples\imgui_impl_sdl.cpp" />
    <ClCompile Include="include\dependencies\imgui\imgui.cpp" />
    <ClCompile Include="include\dependencies\imgui\imgui_demo.cpp" />
    <ClCompile Include="include\dependencies\imgui\imgui_draw.cpp" />
    <ClCompile Include="include\dependencies\imgui\imgui_widgets.cpp" />
    <ClCompile Include="include\Inputs\IDevice.cpp" />
    <ClCompile Include="include\Layers\ImguiLayer.cpp" />
    <ClCompile Include="include\Managers\ShaderManager.cpp" />
    <ClCompile Include="include\Managers\TextureManager.cpp" />
    <ClCompile Include="include\Rendering\Cameras\OrthographicCamera.cpp" />
    <ClCompile Include="include\Rendering\Cameras\PerspectiveCamera.cpp" />
    <ClCompile Include="include\Rendering\Geometries\QuadGeometry.cpp" />
    <ClCompile Include="include\Rendering\Geometries\SquareGeometry.cpp" />
    <ClCompile Include="include\Rendering\Graphics\SDLGraphic\OpenGLContext.cpp" />
    <ClCompile Include="include\Rendering\Materials\SimpleMaterial2D.cpp" />
    <ClCompile Include="include\Rendering\Meshes\Mesh.cpp" />
    <ClCompile Include="include\Rendering\Renderers\Storages\GraphicRendererStorage.cpp" />
    <ClCompile Include="include\Rendering\Renderers\Storages\GraphicVertex.cpp" />
    <ClCompile Include="include\Rendering\Renderers\GraphicRenderer.cpp" />
    <ClCompile Include="include\Rendering\Renderers\GraphicRenderer2D.cpp" />
    <ClCompile Include="include\Rendering\Renderers\GraphicRenderer3D.cpp" />
    <ClCompile Include="include\Rendering\Scenes\GraphicScene.cpp" />
    <ClCompile Include="include\Rendering\Shaders\Shader.cpp" />
    <ClCompile Include="include\Rendering\Textures\Texture2D.cpp" />
    <ClCompile Include="include\Window\SDLWin\OpenGLWindow.cpp" />
    <ClCompile Include="include\Window\CoreWindow.cpp" />
    <ClCompile Include="include\Engine.cpp" />
    <ClCompile Include="include\LayerStack.cpp" />
    <ClCompile Include="include\Rendering\Materials\ShaderMaterial.cpp" />
    <ClCompile Include="include\Rendering\Materials\StandardMaterial.cpp" />
    <ClCompile Include="include\Rendering\Meshes\MeshBuilder.cpp" />
  </ItemGroup>
</Project>