<?xml version="1.0" encoding="utf-8"?>
<Project ToolsVersion="4.0" xmlns="http://schemas.microsoft.com/developer/msbuild/2003">
  <ItemGroup>
    <ClInclude Include="src\Z_EngineDef.h" />
    <ClInclude Include="src\EntryPoint.h" />
    <ClInclude Include="src\Engine.h" />
    <ClInclude Include="src\Z_Engine.h" />
    <ClInclude Include="src\Event\CoreEvent.h" />
    <ClInclude Include="src\Event\EventType.h" />
    <ClInclude Include="src\Event\EventCategory.h" />
    <ClInclude Include="src\Event\WindowClosedEvent.h" />
    <ClInclude Include="src\Event\EventDispatcher.h" />
    <ClInclude Include="src\Window\CoreWindow.h" />
    <ClInclude Include="src\Window\WindowProperty.h" />
    <ClInclude Include="src\Window\SDLWin\OpenGLWindow.h" />
    <ClInclude Include="src\Layers\Layer.h" />
    <ClInclude Include="src\LayerStack.h" />
    <ClInclude Include="src\Rendering\Graphics\SDLGraphic\OpenGLContext.h" />
    <ClInclude Include="src\Rendering\Graphics\GraphicContext.h" />
    <ClInclude Include="src\Event\EngineClosedEvent.h" />
    <ClInclude Include="src\Rendering\Shaders\Shader.h" />
    <ClInclude Include="src\Rendering\Cameras\Camera.h" />
    <ClInclude Include="src\Rendering\Cameras\OrthographicCamera.h" />
    <ClInclude Include="src\Rendering\Cameras\PerspectiveCamera.h" />
    <ClInclude Include="src\Event\KeyEvent.h" />
    <ClInclude Include="src\Event\KeyPressedEvent.h" />
    <ClInclude Include="src\Event\KeyReleasedEvent.h" />
    <ClInclude Include="src\Core\Utility.h" />
    <ClInclude Include="src\Inputs\KeyCode.h" />
    <ClInclude Include="src\Inputs\Keyboard.h" />
    <ClInclude Include="src\Inputs\IDevice.h" />
    <ClInclude Include="src\Inputs\Mouse.h" />
    <ClInclude Include="src\Core\TimeStep.h" />
    <ClInclude Include="src\Layers\ImguiLayer.h" />
    <ClInclude Include="vendor\imgui\imgui.h" />
    <ClInclude Include="vendor\imgui\imconfig.h" />
    <ClInclude Include="vendor\imgui\imgui_internal.h" />
    <ClInclude Include="vendor\imgui\imstb_rectpack.h" />
    <ClInclude Include="vendor\imgui\imstb_textedit.h" />
    <ClInclude Include="vendor\imgui\imstb_truetype.h" />
    <ClInclude Include="vendor\imgui\examples\imgui_impl_opengl3.h" />
    <ClInclude Include="vendor\imgui\examples\imgui_impl_sdl.h" />
    <ClInclude Include="src\Event\MouseEvent.h" />
    <ClInclude Include="src\Event\MouseButtonPressedEvent.h" />
    <ClInclude Include="src\Event\MouseButtonReleasedEvent.h" />
    <ClInclude Include="src\Event\MouseButtonMovedEvent.h" />
    <ClInclude Include="src\Event\MouseButtonWheelEvent.h" />
    <ClInclude Include="src\Event\TextInputEvent.h" />
    <ClInclude Include="src\Inputs\IKeyboardEventCallback.h" />
    <ClInclude Include="src\Inputs\IMouseEventCallback.h" />
    <ClInclude Include="src\Inputs\ITextInputEventCallback.h" />
    <ClInclude Include="src\Rendering\Buffers\BufferLayout.h" />
    <ClInclude Include="src\Rendering\Buffers\GraphicBuffer.h" />
    <ClInclude Include="src\Rendering\Buffers\IndexBuffer.h" />
    <ClInclude Include="src\Rendering\Buffers\VertexArray.h" />
    <ClInclude Include="src\Rendering\Buffers\VertexBuffer.h" />
    <ClInclude Include="src\Rendering\Textures\Texture.h" />
    <ClInclude Include="src\Rendering\Textures\Texture2D.h" />
    <ClInclude Include="vendor\stb_image\stb_image.h" />
    <ClInclude Include="src\Managers\ShaderManager.h" />
    <ClInclude Include="src\Managers\TextureManager.h" />
    <ClInclude Include="src\Managers\IManager.h" />
    <ClInclude Include="src\Controllers\IController.h" />
    <ClInclude Include="src\Core\IRenderable.h" />
    <ClInclude Include="src\Core\IUpdatable.h" />
    <ClInclude Include="src\Core\IInitializable.h" />
    <ClInclude Include="src\Core\IEventable.h" />
    <ClInclude Include="src\Controllers\ICameraController.h" />
    <ClInclude Include="src\Controllers\OrthographicCameraController.h" />
    <ClInclude Include="src\Window\ICoreWindowEventCallback.h" />
    <ClInclude Include="src\Event\WindowMaximizedEvent.h" />
    <ClInclude Include="src\Event\WindowMinimizedEvent.h" />
    <ClInclude Include="src\Event\WindowsRestoredEvent.h" />
    <ClInclude Include="src\Event\WindowResizedEvent.h" />
    <ClInclude Include="src\Rendering\Meshes\IMesh.h" />
    <ClInclude Include="src\Rendering\Meshes\Mesh2D.h" />
    <ClInclude Include="src\Rendering\Meshes\Rectangle.h" />
    <ClInclude Include="src\Rendering\Meshes\Triangle.h" />
    <ClInclude Include="src\Managers\IAssetManager.h" />
    <ClInclude Include="src\Rendering\Scenes\GraphicScene.h" />
    <ClInclude Include="src\Rendering\Renderers\Storages\GraphicRendererStorage.h" />
    <ClInclude Include="src\Rendering\Renderers\Storages\GraphicVertex.h" />
    <ClInclude Include="src\Rendering\Renderers\GraphicRenderer.h" />
    <ClInclude Include="src\Rendering\Renderers\GraphicRenderer2D.h" />
    <ClInclude Include="src\Rendering\Renderers\GraphicRenderer3D.h" />
    <ClInclude Include="src\Rendering\Renderers\RenderCommand.h" />
    <ClInclude Include="src\Rendering\Materials\IMaterial.h" />
    <ClInclude Include="src\Rendering\Materials\SimpleMaterial2D.h" />
    <ClInclude Include="src\Rendering\Renderers\Storages\IVertex.h" />
  </ItemGroup>
  <ItemGroup>
    <ClCompile Include="src\Engine.cpp" />
    <ClCompile Include="src\Window\CoreWindow.cpp" />
    <ClCompile Include="src\Window\SDLWin\OpenGLWindow.cpp" />
    <ClCompile Include="src\LayerStack.cpp" />
    <ClCompile Include="src\Rendering\Graphics\SDLGraphic\OpenGLContext.cpp" />
    <ClCompile Include="src\Rendering\Shaders\Shader.cpp" />
    <ClCompile Include="src\Rendering\Cameras\OrthographicCamera.cpp" />
    <ClCompile Include="src\Inputs\IDevice.cpp" />
    <ClCompile Include="vendor\imgui\imgui.cpp" />
    <ClCompile Include="vendor\imgui\imgui_demo.cpp" />
    <ClCompile Include="vendor\imgui\imgui_draw.cpp" />
    <ClCompile Include="vendor\imgui\imgui_widgets.cpp" />
    <ClCompile Include="vendor\imgui\examples\imgui_impl_opengl3.cpp" />
    <ClCompile Include="vendor\imgui\examples\imgui_impl_sdl.cpp" />
    <ClCompile Include="src\Layers\ImguiLayer.cpp" />
    <ClCompile Include="src\Rendering\Textures\Texture2D.cpp" />
    <ClCompile Include="src\Managers\ShaderManager.cpp" />
    <ClCompile Include="src\Managers\TextureManager.cpp" />
    <ClCompile Include="src\Controllers\OrthographicCameraController.cpp" />
    <ClCompile Include="src\Rendering\Cameras\PerspectiveCamera.cpp" />
    <ClCompile Include="src\Rendering\Scenes\GraphicScene.cpp" />
    <ClCompile Include="src\Rendering\Renderers\Storages\GraphicRendererStorage.cpp" />
    <ClCompile Include="src\Rendering\Renderers\Storages\GraphicVertex.cpp" />
    <ClCompile Include="src\Rendering\Renderers\GraphicRenderer.cpp" />
    <ClCompile Include="src\Rendering\Renderers\GraphicRenderer2D.cpp" />
    <ClCompile Include="src\Rendering\Renderers\GraphicRenderer3D.cpp" />
    <ClCompile Include="src\Rendering\Materials\SimpleMaterial2D.cpp" />
  </ItemGroup>
</Project>