<?xml version="1.0" encoding="utf-8"?>
<Project ToolsVersion="4.0" xmlns="http://schemas.microsoft.com/developer/msbuild/2003">
  <ItemGroup>
    <ClInclude Include="src\Rendering\Meshes\IMesh.h" />
    <ClInclude Include="src\Rendering\Meshes\Mesh2D.h" />
    <ClInclude Include="include\Controllers\ICameraController.h" />
    <ClInclude Include="include\Controllers\IController.h" />
    <ClInclude Include="include\Controllers\OrthographicCameraController.h" />
    <ClInclude Include="include\Core\IEventable.h" />
    <ClInclude Include="include\Core\IInitializable.h" />
    <ClInclude Include="include\Core\IRenderable.h" />
    <ClInclude Include="include\Core\IUpdatable.h" />
    <ClInclude Include="include\Core\TimeStep.h" />
    <ClInclude Include="include\Core\Utility.h" />
    <ClInclude Include="include\dependencies\imgui\examples\imgui_impl_opengl3.h" />
    <ClInclude Include="include\dependencies\imgui\examples\imgui_impl_sdl.h" />
    <ClInclude Include="include\dependencies\imgui\imconfig.h" />
    <ClInclude Include="include\dependencies\imgui\imgui.h" />
    <ClInclude Include="include\dependencies\imgui\imgui_internal.h" />
    <ClInclude Include="include\dependencies\imgui\imstb_rectpack.h" />
    <ClInclude Include="include\dependencies\imgui\imstb_textedit.h" />
    <ClInclude Include="include\dependencies\imgui\imstb_truetype.h" />
    <ClInclude Include="include\Event\CoreEvent.h" />
    <ClInclude Include="include\Event\EngineClosedEvent.h" />
    <ClInclude Include="include\Event\EventCategory.h" />
    <ClInclude Include="include\Event\EventDispatcher.h" />
    <ClInclude Include="include\Event\EventType.h" />
    <ClInclude Include="include\Event\KeyEvent.h" />
    <ClInclude Include="include\Event\KeyPressedEvent.h" />
    <ClInclude Include="include\Event\KeyReleasedEvent.h" />
    <ClInclude Include="include\Event\MouseButtonMovedEvent.h" />
    <ClInclude Include="include\Event\MouseButtonPressedEvent.h" />
    <ClInclude Include="include\Event\MouseButtonReleasedEvent.h" />
    <ClInclude Include="include\Event\MouseButtonWheelEvent.h" />
    <ClInclude Include="include\Event\MouseEvent.h" />
    <ClInclude Include="include\Event\TextInputEvent.h" />
    <ClInclude Include="include\Event\WindowClosedEvent.h" />
    <ClInclude Include="include\Event\WindowMaximizedEvent.h" />
    <ClInclude Include="include\Event\WindowMinimizedEvent.h" />
    <ClInclude Include="include\Event\WindowResizedEvent.h" />
    <ClInclude Include="include\Event\WindowsRestoredEvent.h" />
    <ClInclude Include="include\Inputs\IDevice.h" />
    <ClInclude Include="include\Inputs\IKeyboardEventCallback.h" />
    <ClInclude Include="include\Inputs\IMouseEventCallback.h" />
    <ClInclude Include="include\Inputs\ITextInputEventCallback.h" />
    <ClInclude Include="include\Inputs\Keyboard.h" />
    <ClInclude Include="include\Inputs\KeyCode.h" />
    <ClInclude Include="include\Inputs\Mouse.h" />
    <ClInclude Include="include\Layers\ImguiLayer.h" />
    <ClInclude Include="include\Layers\Layer.h" />
    <ClInclude Include="include\Managers\IAssetManager.h" />
    <ClInclude Include="include\Managers\IManager.h" />
    <ClInclude Include="include\Managers\ShaderManager.h" />
    <ClInclude Include="include\Managers\TextureManager.h" />
    <ClInclude Include="include\Rendering\Buffers\BufferLayout.h" />
    <ClInclude Include="include\Rendering\Buffers\GraphicBuffer.h" />
    <ClInclude Include="include\Rendering\Buffers\IndexBuffer.h" />
    <ClInclude Include="include\Rendering\Buffers\VertexArray.h" />
    <ClInclude Include="include\Rendering\Buffers\VertexBuffer.h" />
    <ClInclude Include="include\Rendering\Cameras\Camera.h" />
    <ClInclude Include="include\Rendering\Cameras\OrthographicCamera.h" />
    <ClInclude Include="include\Rendering\Cameras\PerspectiveCamera.h" />
    <ClInclude Include="include\Rendering\Geometries\IGeometry.h" />
    <ClInclude Include="include\Rendering\Geometries\QuadGeometry.h" />
    <ClInclude Include="include\Rendering\Geometries\SquareGeometry.h" />
    <ClInclude Include="include\Rendering\Graphics\SDLGraphic\OpenGLContext.h" />
    <ClInclude Include="include\Rendering\Graphics\GraphicContext.h" />
    <ClInclude Include="include\Rendering\Materials\IMaterial.h" />
    <ClInclude Include="include\Rendering\Materials\SimpleMaterial2D.h" />
    <ClInclude Include="include\Rendering\Meshes\Mesh.h" />
    <ClInclude Include="include\Rendering\Renderers\Storages\GraphicRendererStorage.h" />
    <ClInclude Include="include\Rendering\Renderers\Storages\GraphicVertex.h" />
    <ClInclude Include="include\Rendering\Renderers\Storages\IVertex.h" />
    <ClInclude Include="include\Rendering\Renderers\GraphicRenderer.h" />
    <ClInclude Include="include\Rendering\Renderers\GraphicRenderer2D.h" />
    <ClInclude Include="include\Rendering\Renderers\GraphicRenderer3D.h" />
    <ClInclude Include="include\Rendering\Renderers\RenderCommand.h" />
    <ClInclude Include="include\Rendering\Scenes\GraphicScene.h" />
    <ClInclude Include="include\Rendering\Shaders\Shader.h" />
    <ClInclude Include="include\Rendering\Textures\Texture.h" />
    <ClInclude Include="include\Rendering\Textures\Texture2D.h" />
    <ClInclude Include="include\Window\SDLWin\OpenGLWindow.h" />
    <ClInclude Include="include\Window\CoreWindow.h" />
    <ClInclude Include="include\Window\ICoreWindowEventCallback.h" />
    <ClInclude Include="include\Window\WindowProperty.h" />
    <ClInclude Include="include\Engine.h" />
    <ClInclude Include="include\EntryPoint.h" />
    <ClInclude Include="include\LayerStack.h" />
    <ClInclude Include="include\Z_Engine.h" />
    <ClInclude Include="include\Z_EngineDef.h" />
    <ClInclude Include="include\Rendering\Materials\ShaderMaterial.h" />
    <ClInclude Include="include\Rendering\Materials\StandardMaterial.h" />
    <ClInclude Include="include\dependencies\fmt\include\fmt\chrono.h" />
    <ClInclude Include="include\dependencies\fmt\include\fmt\color.h" />
    <ClInclude Include="include\dependencies\fmt\include\fmt\compile.h" />
    <ClInclude Include="include\dependencies\fmt\include\fmt\core.h" />
    <ClInclude Include="include\dependencies\fmt\include\fmt\format.h" />
    <ClInclude Include="include\dependencies\fmt\include\fmt\format-inl.h" />
    <ClInclude Include="include\dependencies\fmt\include\fmt\locale.h" />
    <ClInclude Include="include\dependencies\fmt\include\fmt\os.h" />
    <ClInclude Include="include\dependencies\fmt\include\fmt\ostream.h" />
    <ClInclude Include="include\dependencies\fmt\include\fmt\posix.h" />
    <ClInclude Include="include\dependencies\fmt\include\fmt\printf.h" />
    <ClInclude Include="include\dependencies\fmt\include\fmt\ranges.h" />
    <ClInclude Include="include\dependencies\glew\include\GL\eglew.h" />
    <ClInclude Include="include\dependencies\glew\include\GL\glew.h" />
    <ClInclude Include="include\dependencies\glew\include\GL\glxew.h" />
    <ClInclude Include="include\dependencies\glew\include\GL\wglew.h" />
    <ClInclude Include="include\dependencies\glm\detail\_features.hpp" />
    <ClInclude Include="include\dependencies\glm\detail\_fixes.hpp" />
    <ClInclude Include="include\dependencies\glm\detail\_noise.hpp" />
    <ClInclude Include="include\dependencies\glm\detail\_swizzle.hpp" />
    <ClInclude Include="include\dependencies\glm\detail\_swizzle_func.hpp" />
    <ClInclude Include="include\dependencies\glm\detail\_vectorize.hpp" />
    <ClInclude Include="include\dependencies\glm\detail\compute_common.hpp" />
    <ClInclude Include="include\dependencies\glm\detail\compute_vector_relational.hpp" />
    <ClInclude Include="include\dependencies\glm\detail\qualifier.hpp" />
    <ClInclude Include="include\dependencies\glm\detail\setup.hpp" />
    <ClInclude Include="include\dependencies\glm\detail\type_float.hpp" />
    <ClInclude Include="include\dependencies\glm\detail\type_half.hpp" />
    <ClInclude Include="include\dependencies\glm\detail\type_mat2x2.hpp" />
    <ClInclude Include="include\dependencies\glm\detail\type_mat2x3.hpp" />
    <ClInclude Include="include\dependencies\glm\detail\type_mat2x4.hpp" />
    <ClInclude Include="include\dependencies\glm\detail\type_mat3x2.hpp" />
    <ClInclude Include="include\dependencies\glm\detail\type_mat3x3.hpp" />
    <ClInclude Include="include\dependencies\glm\detail\type_mat3x4.hpp" />
    <ClInclude Include="include\dependencies\glm\detail\type_mat4x2.hpp" />
    <ClInclude Include="include\dependencies\glm\detail\type_mat4x3.hpp" />
    <ClInclude Include="include\dependencies\glm\detail\type_mat4x4.hpp" />
    <ClInclude Include="include\dependencies\glm\detail\type_quat.hpp" />
    <ClInclude Include="include\dependencies\glm\detail\type_vec1.hpp" />
    <ClInclude Include="include\dependencies\glm\detail\type_vec2.hpp" />
    <ClInclude Include="include\dependencies\glm\detail\type_vec3.hpp" />
    <ClInclude Include="include\dependencies\glm\detail\type_vec4.hpp" />
    <ClInclude Include="include\dependencies\glm\ext\matrix_clip_space.hpp" />
    <ClInclude Include="include\dependencies\glm\ext\matrix_common.hpp" />
    <ClInclude Include="include\dependencies\glm\ext\matrix_double2x2.hpp" />
    <ClInclude Include="include\dependencies\glm\ext\matrix_double2x2_precision.hpp" />
    <ClInclude Include="include\dependencies\glm\ext\matrix_double2x3.hpp" />
    <ClInclude Include="include\dependencies\glm\ext\matrix_double2x3_precision.hpp" />
    <ClInclude Include="include\dependencies\glm\ext\matrix_double2x4.hpp" />
    <ClInclude Include="include\dependencies\glm\ext\matrix_double2x4_precision.hpp" />
    <ClInclude Include="include\dependencies\glm\ext\matrix_double3x2.hpp" />
    <ClInclude Include="include\dependencies\glm\ext\matrix_double3x2_precision.hpp" />
    <ClInclude Include="include\dependencies\glm\ext\matrix_double3x3.hpp" />
    <ClInclude Include="include\dependencies\glm\ext\matrix_double3x3_precision.hpp" />
    <ClInclude Include="include\dependencies\glm\ext\matrix_double3x4.hpp" />
    <ClInclude Include="include\dependencies\glm\ext\matrix_double3x4_precision.hpp" />
    <ClInclude Include="include\dependencies\glm\ext\matrix_double4x2.hpp" />
    <ClInclude Include="include\dependencies\glm\ext\matrix_double4x2_precision.hpp" />
    <ClInclude Include="include\dependencies\glm\ext\matrix_double4x3.hpp" />
    <ClInclude Include="include\dependencies\glm\ext\matrix_double4x3_precision.hpp" />
    <ClInclude Include="include\dependencies\glm\ext\matrix_double4x4.hpp" />
    <ClInclude Include="include\dependencies\glm\ext\matrix_double4x4_precision.hpp" />
    <ClInclude Include="include\dependencies\glm\ext\matrix_float2x2.hpp" />
    <ClInclude Include="include\dependencies\glm\ext\matrix_float2x2_precision.hpp" />
    <ClInclude Include="include\dependencies\glm\ext\matrix_float2x3.hpp" />
    <ClInclude Include="include\dependencies\glm\ext\matrix_float2x3_precision.hpp" />
    <ClInclude Include="include\dependencies\glm\ext\matrix_float2x4.hpp" />
    <ClInclude Include="include\dependencies\glm\ext\matrix_float2x4_precision.hpp" />
    <ClInclude Include="include\dependencies\glm\ext\matrix_float3x2.hpp" />
    <ClInclude Include="include\dependencies\glm\ext\matrix_float3x2_precision.hpp" />
    <ClInclude Include="include\dependencies\glm\ext\matrix_float3x3.hpp" />
    <ClInclude Include="include\dependencies\glm\ext\matrix_float3x3_precision.hpp" />
    <ClInclude Include="include\dependencies\glm\ext\matrix_float3x4.hpp" />
    <ClInclude Include="include\dependencies\glm\ext\matrix_float3x4_precision.hpp" />
    <ClInclude Include="include\dependencies\glm\ext\matrix_float4x2.hpp" />
    <ClInclude Include="include\dependencies\glm\ext\matrix_float4x2_precision.hpp" />
    <ClInclude Include="include\dependencies\glm\ext\matrix_float4x3.hpp" />
    <ClInclude Include="include\dependencies\glm\ext\matrix_float4x3_precision.hpp" />
    <ClInclude Include="include\dependencies\glm\ext\matrix_float4x4.hpp" />
    <ClInclude Include="include\dependencies\glm\ext\matrix_float4x4_precision.hpp" />
    <ClInclude Include="include\dependencies\glm\ext\matrix_int2x2.hpp" />
    <ClInclude Include="include\dependencies\glm\ext\matrix_int2x2_sized.hpp" />
    <ClInclude Include="include\dependencies\glm\ext\matrix_int2x3.hpp" />
    <ClInclude Include="include\dependencies\glm\ext\matrix_int2x3_sized.hpp" />
    <ClInclude Include="include\dependencies\glm\ext\matrix_int2x4.hpp" />
    <ClInclude Include="include\dependencies\glm\ext\matrix_int2x4_sized.hpp" />
    <ClInclude Include="include\dependencies\glm\ext\matrix_int3x2.hpp" />
    <ClInclude Include="include\dependencies\glm\ext\matrix_int3x2_sized.hpp" />
    <ClInclude Include="include\dependencies\glm\ext\matrix_int3x3.hpp" />
    <ClInclude Include="include\dependencies\glm\ext\matrix_int3x3_sized.hpp" />
    <ClInclude Include="include\dependencies\glm\ext\matrix_int3x4.hpp" />
    <ClInclude Include="include\dependencies\glm\ext\matrix_int3x4_sized.hpp" />
    <ClInclude Include="include\dependencies\glm\ext\matrix_int4x2.hpp" />
    <ClInclude Include="include\dependencies\glm\ext\matrix_int4x2_sized.hpp" />
    <ClInclude Include="include\dependencies\glm\ext\matrix_int4x3.hpp" />
    <ClInclude Include="include\dependencies\glm\ext\matrix_int4x3_sized.hpp" />
    <ClInclude Include="include\dependencies\glm\ext\matrix_int4x4.hpp" />
    <ClInclude Include="include\dependencies\glm\ext\matrix_int4x4_sized.hpp" />
    <ClInclude Include="include\dependencies\glm\ext\matrix_projection.hpp" />
    <ClInclude Include="include\dependencies\glm\ext\matrix_relational.hpp" />
    <ClInclude Include="include\dependencies\glm\ext\matrix_transform.hpp" />
    <ClInclude Include="include\dependencies\glm\ext\matrix_uint2x2.hpp" />
    <ClInclude Include="include\dependencies\glm\ext\matrix_uint2x2_sized.hpp" />
    <ClInclude Include="include\dependencies\glm\ext\matrix_uint2x3.hpp" />
    <ClInclude Include="include\dependencies\glm\ext\matrix_uint2x3_sized.hpp" />
    <ClInclude Include="include\dependencies\glm\ext\matrix_uint2x4.hpp" />
    <ClInclude Include="include\dependencies\glm\ext\matrix_uint2x4_sized.hpp" />
    <ClInclude Include="include\dependencies\glm\ext\matrix_uint3x2.hpp" />
    <ClInclude Include="include\dependencies\glm\ext\matrix_uint3x2_sized.hpp" />
    <ClInclude Include="include\dependencies\glm\ext\matrix_uint3x3.hpp" />
    <ClInclude Include="include\dependencies\glm\ext\matrix_uint3x3_sized.hpp" />
    <ClInclude Include="include\dependencies\glm\ext\matrix_uint3x4.hpp" />
    <ClInclude Include="include\dependencies\glm\ext\matrix_uint3x4_sized.hpp" />
    <ClInclude Include="include\dependencies\glm\ext\matrix_uint4x2.hpp" />
    <ClInclude Include="include\dependencies\glm\ext\matrix_uint4x2_sized.hpp" />
    <ClInclude Include="include\dependencies\glm\ext\matrix_uint4x3.hpp" />
    <ClInclude Include="include\dependencies\glm\ext\matrix_uint4x3_sized.hpp" />
    <ClInclude Include="include\dependencies\glm\ext\matrix_uint4x4.hpp" />
    <ClInclude Include="include\dependencies\glm\ext\matrix_uint4x4_sized.hpp" />
    <ClInclude Include="include\dependencies\glm\ext\quaternion_common.hpp" />
    <ClInclude Include="include\dependencies\glm\ext\quaternion_double.hpp" />
    <ClInclude Include="include\dependencies\glm\ext\quaternion_double_precision.hpp" />
    <ClInclude Include="include\dependencies\glm\ext\quaternion_exponential.hpp" />
    <ClInclude Include="include\dependencies\glm\ext\quaternion_float.hpp" />
    <ClInclude Include="include\dependencies\glm\ext\quaternion_float_precision.hpp" />
    <ClInclude Include="include\dependencies\glm\ext\quaternion_geometric.hpp" />
    <ClInclude Include="include\dependencies\glm\ext\quaternion_relational.hpp" />
    <ClInclude Include="include\dependencies\glm\ext\quaternion_transform.hpp" />
    <ClInclude Include="include\dependencies\glm\ext\quaternion_trigonometric.hpp" />
    <ClInclude Include="include\dependencies\glm\ext\scalar_common.hpp" />
    <ClInclude Include="include\dependencies\glm\ext\scalar_constants.hpp" />
    <ClInclude Include="include\dependencies\glm\ext\scalar_int_sized.hpp" />
    <ClInclude Include="include\dependencies\glm\ext\scalar_integer.hpp" />
    <ClInclude Include="include\dependencies\glm\ext\scalar_packing.hpp" />
    <ClInclude Include="include\dependencies\glm\ext\scalar_relational.hpp" />
    <ClInclude Include="include\dependencies\glm\ext\scalar_uint_sized.hpp" />
    <ClInclude Include="include\dependencies\glm\ext\scalar_ulp.hpp" />
    <ClInclude Include="include\dependencies\glm\ext\vector_bool1.hpp" />
    <ClInclude Include="include\dependencies\glm\ext\vector_bool1_precision.hpp" />
    <ClInclude Include="include\dependencies\glm\ext\vector_bool2.hpp" />
    <ClInclude Include="include\dependencies\glm\ext\vector_bool2_precision.hpp" />
    <ClInclude Include="include\dependencies\glm\ext\vector_bool3.hpp" />
    <ClInclude Include="include\dependencies\glm\ext\vector_bool3_precision.hpp" />
    <ClInclude Include="include\dependencies\glm\ext\vector_bool4.hpp" />
    <ClInclude Include="include\dependencies\glm\ext\vector_bool4_precision.hpp" />
    <ClInclude Include="include\dependencies\glm\ext\vector_common.hpp" />
    <ClInclude Include="include\dependencies\glm\ext\vector_double1.hpp" />
    <ClInclude Include="include\dependencies\glm\ext\vector_double1_precision.hpp" />
    <ClInclude Include="include\dependencies\glm\ext\vector_double2.hpp" />
    <ClInclude Include="include\dependencies\glm\ext\vector_double2_precision.hpp" />
    <ClInclude Include="include\dependencies\glm\ext\vector_double3.hpp" />
    <ClInclude Include="include\dependencies\glm\ext\vector_double3_precision.hpp" />
    <ClInclude Include="include\dependencies\glm\ext\vector_double4.hpp" />
    <ClInclude Include="include\dependencies\glm\ext\vector_double4_precision.hpp" />
    <ClInclude Include="include\dependencies\glm\ext\vector_float1.hpp" />
    <ClInclude Include="include\dependencies\glm\ext\vector_float1_precision.hpp" />
    <ClInclude Include="include\dependencies\glm\ext\vector_float2.hpp" />
    <ClInclude Include="include\dependencies\glm\ext\vector_float2_precision.hpp" />
    <ClInclude Include="include\dependencies\glm\ext\vector_float3.hpp" />
    <ClInclude Include="include\dependencies\glm\ext\vector_float3_precision.hpp" />
    <ClInclude Include="include\dependencies\glm\ext\vector_float4.hpp" />
    <ClInclude Include="include\dependencies\glm\ext\vector_float4_precision.hpp" />
    <ClInclude Include="include\dependencies\glm\ext\vector_int1.hpp" />
    <ClInclude Include="include\dependencies\glm\ext\vector_int1_sized.hpp" />
    <ClInclude Include="include\dependencies\glm\ext\vector_int2.hpp" />
    <ClInclude Include="include\dependencies\glm\ext\vector_int2_sized.hpp" />
    <ClInclude Include="include\dependencies\glm\ext\vector_int3.hpp" />
    <ClInclude Include="include\dependencies\glm\ext\vector_int3_sized.hpp" />
    <ClInclude Include="include\dependencies\glm\ext\vector_int4.hpp" />
    <ClInclude Include="include\dependencies\glm\ext\vector_int4_sized.hpp" />
    <ClInclude Include="include\dependencies\glm\ext\vector_integer.hpp" />
    <ClInclude Include="include\dependencies\glm\ext\vector_packing.hpp" />
    <ClInclude Include="include\dependencies\glm\ext\vector_relational.hpp" />
    <ClInclude Include="include\dependencies\glm\ext\vector_uint1.hpp" />
    <ClInclude Include="include\dependencies\glm\ext\vector_uint1_sized.hpp" />
    <ClInclude Include="include\dependencies\glm\ext\vector_uint2.hpp" />
    <ClInclude Include="include\dependencies\glm\ext\vector_uint2_sized.hpp" />
    <ClInclude Include="include\dependencies\glm\ext\vector_uint3.hpp" />
    <ClInclude Include="include\dependencies\glm\ext\vector_uint3_sized.hpp" />
    <ClInclude Include="include\dependencies\glm\ext\vector_uint4.hpp" />
    <ClInclude Include="include\dependencies\glm\ext\vector_uint4_sized.hpp" />
    <ClInclude Include="include\dependencies\glm\ext\vector_ulp.hpp" />
    <ClInclude Include="include\dependencies\glm\gtc\bitfield.hpp" />
    <ClInclude Include="include\dependencies\glm\gtc\color_space.hpp" />
    <ClInclude Include="include\dependencies\glm\gtc\constants.hpp" />
    <ClInclude Include="include\dependencies\glm\gtc\epsilon.hpp" />
    <ClInclude Include="include\dependencies\glm\gtc\integer.hpp" />
    <ClInclude Include="include\dependencies\glm\gtc\matrix_access.hpp" />
    <ClInclude Include="include\dependencies\glm\gtc\matrix_integer.hpp" />
    <ClInclude Include="include\dependencies\glm\gtc\matrix_inverse.hpp" />
    <ClInclude Include="include\dependencies\glm\gtc\matrix_transform.hpp" />
    <ClInclude Include="include\dependencies\glm\gtc\noise.hpp" />
    <ClInclude Include="include\dependencies\glm\gtc\packing.hpp" />
    <ClInclude Include="include\dependencies\glm\gtc\quaternion.hpp" />
    <ClInclude Include="include\dependencies\glm\gtc\random.hpp" />
    <ClInclude Include="include\dependencies\glm\gtc\reciprocal.hpp" />
    <ClInclude Include="include\dependencies\glm\gtc\round.hpp" />
    <ClInclude Include="include\dependencies\glm\gtc\type_aligned.hpp" />
    <ClInclude Include="include\dependencies\glm\gtc\type_precision.hpp" />
    <ClInclude Include="include\dependencies\glm\gtc\type_ptr.hpp" />
    <ClInclude Include="include\dependencies\glm\gtc\ulp.hpp" />
    <ClInclude Include="include\dependencies\glm\gtc\vec1.hpp" />
    <ClInclude Include="include\dependencies\glm\gtx\associated_min_max.hpp" />
    <ClInclude Include="include\dependencies\glm\gtx\bit.hpp" />
    <ClInclude Include="include\dependencies\glm\gtx\closest_point.hpp" />
    <ClInclude Include="include\dependencies\glm\gtx\color_encoding.hpp" />
    <ClInclude Include="include\dependencies\glm\gtx\color_space.hpp" />
    <ClInclude Include="include\dependencies\glm\gtx\color_space_YCoCg.hpp" />
    <ClInclude Include="include\dependencies\glm\gtx\common.hpp" />
    <ClInclude Include="include\dependencies\glm\gtx\compatibility.hpp" />
    <ClInclude Include="include\dependencies\glm\gtx\component_wise.hpp" />
    <ClInclude Include="include\dependencies\glm\gtx\dual_quaternion.hpp" />
    <ClInclude Include="include\dependencies\glm\gtx\easing.hpp" />
    <ClInclude Include="include\dependencies\glm\gtx\euler_angles.hpp" />
    <ClInclude Include="include\dependencies\glm\gtx\extend.hpp" />
    <ClInclude Include="include\dependencies\glm\gtx\extended_min_max.hpp" />
    <ClInclude Include="include\dependencies\glm\gtx\exterior_product.hpp" />
    <ClInclude Include="include\dependencies\glm\gtx\fast_exponential.hpp" />
    <ClInclude Include="include\dependencies\glm\gtx\fast_square_root.hpp" />
    <ClInclude Include="include\dependencies\glm\gtx\fast_trigonometry.hpp" />
    <ClInclude Include="include\dependencies\glm\gtx\functions.hpp" />
    <ClInclude Include="include\dependencies\glm\gtx\gradient_paint.hpp" />
    <ClInclude Include="include\dependencies\glm\gtx\handed_coordinate_space.hpp" />
    <ClInclude Include="include\dependencies\glm\gtx\hash.hpp" />
    <ClInclude Include="include\dependencies\glm\gtx\integer.hpp" />
    <ClInclude Include="include\dependencies\glm\gtx\intersect.hpp" />
    <ClInclude Include="include\dependencies\glm\gtx\io.hpp" />
    <ClInclude Include="include\dependencies\glm\gtx\log_base.hpp" />
    <ClInclude Include="include\dependencies\glm\gtx\matrix_cross_product.hpp" />
    <ClInclude Include="include\dependencies\glm\gtx\matrix_decompose.hpp" />
    <ClInclude Include="include\dependencies\glm\gtx\matrix_factorisation.hpp" />
    <ClInclude Include="include\dependencies\glm\gtx\matrix_interpolation.hpp" />
    <ClInclude Include="include\dependencies\glm\gtx\matrix_major_storage.hpp" />
    <ClInclude Include="include\dependencies\glm\gtx\matrix_operation.hpp" />
    <ClInclude Include="include\dependencies\glm\gtx\matrix_query.hpp" />
    <ClInclude Include="include\dependencies\glm\gtx\matrix_transform_2d.hpp" />
    <ClInclude Include="include\dependencies\glm\gtx\mixed_product.hpp" />
    <ClInclude Include="include\dependencies\glm\gtx\norm.hpp" />
    <ClInclude Include="include\dependencies\glm\gtx\normal.hpp" />
    <ClInclude Include="include\dependencies\glm\gtx\normalize_dot.hpp" />
    <ClInclude Include="include\dependencies\glm\gtx\number_precision.hpp" />
    <ClInclude Include="include\dependencies\glm\gtx\optimum_pow.hpp" />
    <ClInclude Include="include\dependencies\glm\gtx\orthonormalize.hpp" />
    <ClInclude Include="include\dependencies\glm\gtx\perpendicular.hpp" />
    <ClInclude Include="include\dependencies\glm\gtx\polar_coordinates.hpp" />
    <ClInclude Include="include\dependencies\glm\gtx\projection.hpp" />
    <ClInclude Include="include\dependencies\glm\gtx\quaternion.hpp" />
    <ClInclude Include="include\dependencies\glm\gtx\range.hpp" />
    <ClInclude Include="include\dependencies\glm\gtx\raw_data.hpp" />
    <ClInclude Include="include\dependencies\glm\gtx\rotate_normalized_axis.hpp" />
    <ClInclude Include="include\dependencies\glm\gtx\rotate_vector.hpp" />
    <ClInclude Include="include\dependencies\glm\gtx\scalar_multiplication.hpp" />
    <ClInclude Include="include\dependencies\glm\gtx\scalar_relational.hpp" />
    <ClInclude Include="include\dependencies\glm\gtx\spline.hpp" />
    <ClInclude Include="include\dependencies\glm\gtx\std_based_type.hpp" />
    <ClInclude Include="include\dependencies\glm\gtx\string_cast.hpp" />
    <ClInclude Include="include\dependencies\glm\gtx\texture.hpp" />
    <ClInclude Include="include\dependencies\glm\gtx\transform.hpp" />
    <ClInclude Include="include\dependencies\glm\gtx\transform2.hpp" />
    <ClInclude Include="include\dependencies\glm\gtx\type_aligned.hpp" />
    <ClInclude Include="include\dependencies\glm\gtx\type_trait.hpp" />
    <ClInclude Include="include\dependencies\glm\gtx\vec_swizzle.hpp" />
    <ClInclude Include="include\dependencies\glm\gtx\vector_angle.hpp" />
    <ClInclude Include="include\dependencies\glm\gtx\vector_query.hpp" />
    <ClInclude Include="include\dependencies\glm\gtx\wrap.hpp" />
    <ClInclude Include="include\dependencies\glm\simd\common.h" />
    <ClInclude Include="include\dependencies\glm\simd\exponential.h" />
    <ClInclude Include="include\dependencies\glm\simd\geometric.h" />
    <ClInclude Include="include\dependencies\glm\simd\integer.h" />
    <ClInclude Include="include\dependencies\glm\simd\matrix.h" />
    <ClInclude Include="include\dependencies\glm\simd\neon.h" />
    <ClInclude Include="include\dependencies\glm\simd\packing.h" />
    <ClInclude Include="include\dependencies\glm\simd\platform.h" />
    <ClInclude Include="include\dependencies\glm\simd\trigonometric.h" />
    <ClInclude Include="include\dependencies\glm\simd\vector_relational.h" />
    <ClInclude Include="include\dependencies\glm\common.hpp" />
    <ClInclude Include="include\dependencies\glm\exponential.hpp" />
    <ClInclude Include="include\dependencies\glm\ext.hpp" />
    <ClInclude Include="include\dependencies\glm\fwd.hpp" />
    <ClInclude Include="include\dependencies\glm\geometric.hpp" />
    <ClInclude Include="include\dependencies\glm\glm.hpp" />
    <ClInclude Include="include\dependencies\glm\integer.hpp" />
    <ClInclude Include="include\dependencies\glm\mat2x2.hpp" />
    <ClInclude Include="include\dependencies\glm\mat2x3.hpp" />
    <ClInclude Include="include\dependencies\glm\mat2x4.hpp" />
    <ClInclude Include="include\dependencies\glm\mat3x2.hpp" />
    <ClInclude Include="include\dependencies\glm\mat3x3.hpp" />
    <ClInclude Include="include\dependencies\glm\mat3x4.hpp" />
    <ClInclude Include="include\dependencies\glm\mat4x2.hpp" />
    <ClInclude Include="include\dependencies\glm\mat4x3.hpp" />
    <ClInclude Include="include\dependencies\glm\mat4x4.hpp" />
    <ClInclude Include="include\dependencies\glm\matrix.hpp" />
    <ClInclude Include="include\dependencies\glm\packing.hpp" />
    <ClInclude Include="include\dependencies\glm\trigonometric.hpp" />
    <ClInclude Include="include\dependencies\glm\vec2.hpp" />
    <ClInclude Include="include\dependencies\glm\vec3.hpp" />
    <ClInclude Include="include\dependencies\glm\vec4.hpp" />
    <ClInclude Include="include\dependencies\glm\vector_relational.hpp" />
    <ClInclude Include="include\dependencies\SDL2\include\begin_code.h" />
    <ClInclude Include="include\dependencies\SDL2\include\close_code.h" />
    <ClInclude Include="include\dependencies\SDL2\include\SDL.h" />
    <ClInclude Include="include\dependencies\SDL2\include\SDL_assert.h" />
    <ClInclude Include="include\dependencies\SDL2\include\SDL_atomic.h" />
    <ClInclude Include="include\dependencies\SDL2\include\SDL_audio.h" />
    <ClInclude Include="include\dependencies\SDL2\include\SDL_bits.h" />
    <ClInclude Include="include\dependencies\SDL2\include\SDL_blendmode.h" />
    <ClInclude Include="include\dependencies\SDL2\include\SDL_clipboard.h" />
    <ClInclude Include="include\dependencies\SDL2\include\SDL_config.h" />
    <ClInclude Include="include\dependencies\SDL2\include\SDL_config_android.h" />
    <ClInclude Include="include\dependencies\SDL2\include\SDL_config_iphoneos.h" />
    <ClInclude Include="include\dependencies\SDL2\include\SDL_config_macosx.h" />
    <ClInclude Include="include\dependencies\SDL2\include\SDL_config_minimal.h" />
    <ClInclude Include="include\dependencies\SDL2\include\SDL_config_pandora.h" />
    <ClInclude Include="include\dependencies\SDL2\include\SDL_config_psp.h" />
    <ClInclude Include="include\dependencies\SDL2\include\SDL_config_windows.h" />
    <ClInclude Include="include\dependencies\SDL2\include\SDL_config_winrt.h" />
    <ClInclude Include="include\dependencies\SDL2\include\SDL_config_wiz.h" />
    <ClInclude Include="include\dependencies\SDL2\include\SDL_copying.h" />
    <ClInclude Include="include\dependencies\SDL2\include\SDL_cpuinfo.h" />
    <ClInclude Include="include\dependencies\SDL2\include\SDL_egl.h" />
    <ClInclude Include="include\dependencies\SDL2\include\SDL_endian.h" />
    <ClInclude Include="include\dependencies\SDL2\include\SDL_error.h" />
    <ClInclude Include="include\dependencies\SDL2\include\SDL_events.h" />
    <ClInclude Include="include\dependencies\SDL2\include\SDL_filesystem.h" />
    <ClInclude Include="include\dependencies\SDL2\include\SDL_gamecontroller.h" />
    <ClInclude Include="include\dependencies\SDL2\include\SDL_gesture.h" />
    <ClInclude Include="include\dependencies\SDL2\include\SDL_haptic.h" />
    <ClInclude Include="include\dependencies\SDL2\include\SDL_hints.h" />
    <ClInclude Include="include\dependencies\SDL2\include\SDL_joystick.h" />
    <ClInclude Include="include\dependencies\SDL2\include\SDL_keyboard.h" />
    <ClInclude Include="include\dependencies\SDL2\include\SDL_keycode.h" />
    <ClInclude Include="include\dependencies\SDL2\include\SDL_loadso.h" />
    <ClInclude Include="include\dependencies\SDL2\include\SDL_log.h" />
    <ClInclude Include="include\dependencies\SDL2\include\SDL_main.h" />
    <ClInclude Include="include\dependencies\SDL2\include\SDL_messagebox.h" />
    <ClInclude Include="include\dependencies\SDL2\include\SDL_metal.h" />
    <ClInclude Include="include\dependencies\SDL2\include\SDL_mouse.h" />
    <ClInclude Include="include\dependencies\SDL2\include\SDL_mutex.h" />
    <ClInclude Include="include\dependencies\SDL2\include\SDL_name.h" />
    <ClInclude Include="include\dependencies\SDL2\include\SDL_opengl.h" />
    <ClInclude Include="include\dependencies\SDL2\include\SDL_opengl_glext.h" />
    <ClInclude Include="include\dependencies\SDL2\include\SDL_opengles.h" />
    <ClInclude Include="include\dependencies\SDL2\include\SDL_opengles2.h" />
    <ClInclude Include="include\dependencies\SDL2\include\SDL_opengles2_gl2.h" />
    <ClInclude Include="include\dependencies\SDL2\include\SDL_opengles2_gl2ext.h" />
    <ClInclude Include="include\dependencies\SDL2\include\SDL_opengles2_gl2platform.h" />
    <ClInclude Include="include\dependencies\SDL2\include\SDL_opengles2_khrplatform.h" />
    <ClInclude Include="include\dependencies\SDL2\include\SDL_pixels.h" />
    <ClInclude Include="include\dependencies\SDL2\include\SDL_platform.h" />
    <ClInclude Include="include\dependencies\SDL2\include\SDL_power.h" />
    <ClInclude Include="include\dependencies\SDL2\include\SDL_quit.h" />
    <ClInclude Include="include\dependencies\SDL2\include\SDL_rect.h" />
    <ClInclude Include="include\dependencies\SDL2\include\SDL_render.h" />
    <ClInclude Include="include\dependencies\SDL2\include\SDL_revision.h" />
    <ClInclude Include="include\dependencies\SDL2\include\SDL_rwops.h" />
    <ClInclude Include="include\dependencies\SDL2\include\SDL_scancode.h" />
    <ClInclude Include="include\dependencies\SDL2\include\SDL_sensor.h" />
    <ClInclude Include="include\dependencies\SDL2\include\SDL_shape.h" />
    <ClInclude Include="include\dependencies\SDL2\include\SDL_stdinc.h" />
    <ClInclude Include="include\dependencies\SDL2\include\SDL_surface.h" />
    <ClInclude Include="include\dependencies\SDL2\include\SDL_system.h" />
    <ClInclude Include="include\dependencies\SDL2\include\SDL_syswm.h" />
    <ClInclude Include="include\dependencies\SDL2\include\SDL_test.h" />
    <ClInclude Include="include\dependencies\SDL2\include\SDL_test_assert.h" />
    <ClInclude Include="include\dependencies\SDL2\include\SDL_test_common.h" />
    <ClInclude Include="include\dependencies\SDL2\include\SDL_test_compare.h" />
    <ClInclude Include="include\dependencies\SDL2\include\SDL_test_crc32.h" />
    <ClInclude Include="include\dependencies\SDL2\include\SDL_test_font.h" />
    <ClInclude Include="include\dependencies\SDL2\include\SDL_test_fuzzer.h" />
    <ClInclude Include="include\dependencies\SDL2\include\SDL_test_harness.h" />
    <ClInclude Include="include\dependencies\SDL2\include\SDL_test_images.h" />
    <ClInclude Include="include\dependencies\SDL2\include\SDL_test_log.h" />
    <ClInclude Include="include\dependencies\SDL2\include\SDL_test_md5.h" />
    <ClInclude Include="include\dependencies\SDL2\include\SDL_test_memory.h" />
    <ClInclude Include="include\dependencies\SDL2\include\SDL_test_random.h" />
    <ClInclude Include="include\dependencies\SDL2\include\SDL_thread.h" />
    <ClInclude Include="include\dependencies\SDL2\include\SDL_timer.h" />
    <ClInclude Include="include\dependencies\SDL2\include\SDL_touch.h" />
    <ClInclude Include="include\dependencies\SDL2\include\SDL_types.h" />
    <ClInclude Include="include\dependencies\SDL2\include\SDL_version.h" />
    <ClInclude Include="include\dependencies\SDL2\include\SDL_video.h" />
    <ClInclude Include="include\dependencies\SDL2\include\SDL_vulkan.h" />
    <ClInclude Include="include\dependencies\stb\stb_image.h" />
  </ItemGroup>
  <ItemGroup>
    <ClCompile Include="include\Controllers\OrthographicCameraController.cpp" />
    <ClCompile Include="include\dependencies\imgui\examples\imgui_impl_opengl3.cpp" />
    <ClCompile Include="include\dependencies\imgui\examples\imgui_impl_sdl.cpp" />
    <ClCompile Include="include\dependencies\imgui\imgui.cpp" />
    <ClCompile Include="include\dependencies\imgui\imgui_demo.cpp" />
    <ClCompile Include="include\dependencies\imgui\imgui_draw.cpp" />
    <ClCompile Include="include\dependencies\imgui\imgui_widgets.cpp" />
    <ClCompile Include="include\Inputs\IDevice.cpp" />
    <ClCompile Include="include\Layers\ImguiLayer.cpp" />
    <ClCompile Include="include\Managers\ShaderManager.cpp" />
    <ClCompile Include="include\Managers\TextureManager.cpp" />
    <ClCompile Include="include\Rendering\Cameras\OrthographicCamera.cpp" />
    <ClCompile Include="include\Rendering\Cameras\PerspectiveCamera.cpp" />
    <ClCompile Include="include\Rendering\Geometries\QuadGeometry.cpp" />
    <ClCompile Include="include\Rendering\Geometries\SquareGeometry.cpp" />
    <ClCompile Include="include\Rendering\Graphics\SDLGraphic\OpenGLContext.cpp" />
    <ClCompile Include="include\Rendering\Materials\SimpleMaterial2D.cpp" />
    <ClCompile Include="include\Rendering\Meshes\Mesh.cpp" />
    <ClCompile Include="include\Rendering\Renderers\Storages\GraphicRendererStorage.cpp" />
    <ClCompile Include="include\Rendering\Renderers\Storages\GraphicVertex.cpp" />
    <ClCompile Include="include\Rendering\Renderers\GraphicRenderer.cpp" />
    <ClCompile Include="include\Rendering\Renderers\GraphicRenderer2D.cpp" />
    <ClCompile Include="include\Rendering\Renderers\GraphicRenderer3D.cpp" />
    <ClCompile Include="include\Rendering\Scenes\GraphicScene.cpp" />
    <ClCompile Include="include\Rendering\Shaders\Shader.cpp" />
    <ClCompile Include="include\Rendering\Textures\Texture2D.cpp" />
    <ClCompile Include="include\Window\SDLWin\OpenGLWindow.cpp" />
    <ClCompile Include="include\Window\CoreWindow.cpp" />
    <ClCompile Include="include\Engine.cpp" />
    <ClCompile Include="include\LayerStack.cpp" />
    <ClCompile Include="include\Rendering\Materials\ShaderMaterial.cpp" />
    <ClCompile Include="include\Rendering\Materials\StandardMaterial.cpp" />
    <ClCompile Include="include\dependencies\fmt\src\format.cc" />
    <ClCompile Include="include\dependencies\fmt\src\os.cc" />
    <ClCompile Include="include\dependencies\glm\detail\glm.cpp" />
  </ItemGroup>
  <ItemGroup>
    <None Include="include\dependencies\glew\doc\advanced.html" />
    <None Include="include\dependencies\glew\doc\basic.html" />
    <None Include="include\dependencies\glew\doc\build.html" />
    <None Include="include\dependencies\glew\doc\credits.html" />
    <None Include="include\dependencies\glew\doc\glew.html" />
    <None Include="include\dependencies\glew\doc\glxew.html" />
    <None Include="include\dependencies\glew\doc\index.html" />
    <None Include="include\dependencies\glew\doc\install.html" />
    <None Include="include\dependencies\glew\doc\log.html" />
    <None Include="include\dependencies\glew\doc\wglew.html" />
    <None Include="include\dependencies\glm\detail\func_common.inl" />
    <None Include="include\dependencies\glm\detail\func_common_simd.inl" />
    <None Include="include\dependencies\glm\detail\func_exponential.inl" />
    <None Include="include\dependencies\glm\detail\func_exponential_simd.inl" />
    <None Include="include\dependencies\glm\detail\func_geometric.inl" />
    <None Include="include\dependencies\glm\detail\func_geometric_simd.inl" />
    <None Include="include\dependencies\glm\detail\func_integer.inl" />
    <None Include="include\dependencies\glm\detail\func_integer_simd.inl" />
    <None Include="include\dependencies\glm\detail\func_matrix.inl" />
    <None Include="include\dependencies\glm\detail\func_matrix_simd.inl" />
    <None Include="include\dependencies\glm\detail\func_packing.inl" />
    <None Include="include\dependencies\glm\detail\func_packing_simd.inl" />
    <None Include="include\dependencies\glm\detail\func_trigonometric.inl" />
    <None Include="include\dependencies\glm\detail\func_trigonometric_simd.inl" />
    <None Include="include\dependencies\glm\detail\func_vector_relational.inl" />
    <None Include="include\dependencies\glm\detail\func_vector_relational_simd.inl" />
    <None Include="include\dependencies\glm\detail\type_half.inl" />
    <None Include="include\dependencies\glm\detail\type_mat2x2.inl" />
    <None Include="include\dependencies\glm\detail\type_mat2x3.inl" />
    <None Include="include\dependencies\glm\detail\type_mat2x4.inl" />
    <None Include="include\dependencies\glm\detail\type_mat3x2.inl" />
    <None Include="include\dependencies\glm\detail\type_mat3x3.inl" />
    <None Include="include\dependencies\glm\detail\type_mat3x4.inl" />
    <None Include="include\dependencies\glm\detail\type_mat4x2.inl" />
    <None Include="include\dependencies\glm\detail\type_mat4x3.inl" />
    <None Include="include\dependencies\glm\detail\type_mat4x4.inl" />
    <None Include="include\dependencies\glm\detail\type_mat4x4_simd.inl" />
    <None Include="include\dependencies\glm\detail\type_quat.inl" />
    <None Include="include\dependencies\glm\detail\type_quat_simd.inl" />
    <None Include="include\dependencies\glm\detail\type_vec1.inl" />
    <None Include="include\dependencies\glm\detail\type_vec2.inl" />
    <None Include="include\dependencies\glm\detail\type_vec3.inl" />
    <None Include="include\dependencies\glm\detail\type_vec4.inl" />
    <None Include="include\dependencies\glm\detail\type_vec4_simd.inl" />
    <None Include="include\dependencies\glm\ext\matrix_clip_space.inl" />
    <None Include="include\dependencies\glm\ext\matrix_common.inl" />
    <None Include="include\dependencies\glm\ext\matrix_projection.inl" />
    <None Include="include\dependencies\glm\ext\matrix_relational.inl" />
    <None Include="include\dependencies\glm\ext\matrix_transform.inl" />
    <None Include="include\dependencies\glm\ext\quaternion_common.inl" />
    <None Include="include\dependencies\glm\ext\quaternion_common_simd.inl" />
    <None Include="include\dependencies\glm\ext\quaternion_exponential.inl" />
    <None Include="include\dependencies\glm\ext\quaternion_geometric.inl" />
    <None Include="include\dependencies\glm\ext\quaternion_relational.inl" />
    <None Include="include\dependencies\glm\ext\quaternion_transform.inl" />
    <None Include="include\dependencies\glm\ext\quaternion_trigonometric.inl" />
    <None Include="include\dependencies\glm\ext\scalar_common.inl" />
    <None Include="include\dependencies\glm\ext\scalar_constants.inl" />
    <None Include="include\dependencies\glm\ext\scalar_integer.inl" />
    <None Include="include\dependencies\glm\ext\scalar_packing.inl" />
    <None Include="include\dependencies\glm\ext\scalar_relational.inl" />
    <None Include="include\dependencies\glm\ext\scalar_ulp.inl" />
    <None Include="include\dependencies\glm\ext\vector_common.inl" />
    <None Include="include\dependencies\glm\ext\vector_integer.inl" />
    <None Include="include\dependencies\glm\ext\vector_packing.inl" />
    <None Include="include\dependencies\glm\ext\vector_relational.inl" />
    <None Include="include\dependencies\glm\ext\vector_ulp.inl" />
    <None Include="include\dependencies\glm\gtc\bitfield.inl" />
    <None Include="include\dependencies\glm\gtc\color_space.inl" />
    <None Include="include\dependencies\glm\gtc\constants.inl" />
    <None Include="include\dependencies\glm\gtc\epsilon.inl" />
    <None Include="include\dependencies\glm\gtc\integer.inl" />
    <None Include="include\dependencies\glm\gtc\matrix_access.inl" />
    <None Include="include\dependencies\glm\gtc\matrix_inverse.inl" />
    <None Include="include\dependencies\glm\gtc\matrix_transform.inl" />
    <None Include="include\dependencies\glm\gtc\noise.inl" />
    <None Include="include\dependencies\glm\gtc\packing.inl" />
    <None Include="include\dependencies\glm\gtc\quaternion.inl" />
    <None Include="include\dependencies\glm\gtc\quaternion_simd.inl" />
    <None Include="include\dependencies\glm\gtc\random.inl" />
    <None Include="include\dependencies\glm\gtc\reciprocal.inl" />
    <None Include="include\dependencies\glm\gtc\round.inl" />
    <None Include="include\dependencies\glm\gtc\type_precision.inl" />
    <None Include="include\dependencies\glm\gtc\type_ptr.inl" />
    <None Include="include\dependencies\glm\gtc\ulp.inl" />
    <None Include="include\dependencies\glm\gtx\associated_min_max.inl" />
    <None Include="include\dependencies\glm\gtx\bit.inl" />
    <None Include="include\dependencies\glm\gtx\closest_point.inl" />
    <None Include="include\dependencies\glm\gtx\color_encoding.inl" />
    <None Include="include\dependencies\glm\gtx\color_space.inl" />
    <None Include="include\dependencies\glm\gtx\color_space_YCoCg.inl" />
    <None Include="include\dependencies\glm\gtx\common.inl" />
    <None Include="include\dependencies\glm\gtx\compatibility.inl" />
    <None Include="include\dependencies\glm\gtx\component_wise.inl" />
    <None Include="include\dependencies\glm\gtx\dual_quaternion.inl" />
    <None Include="include\dependencies\glm\gtx\easing.inl" />
    <None Include="include\dependencies\glm\gtx\euler_angles.inl" />
    <None Include="include\dependencies\glm\gtx\extend.inl" />
    <None Include="include\dependencies\glm\gtx\extended_min_max.inl" />
    <None Include="include\dependencies\glm\gtx\exterior_product.inl" />
    <None Include="include\dependencies\glm\gtx\fast_exponential.inl" />
    <None Include="include\dependencies\glm\gtx\fast_square_root.inl" />
    <None Include="include\dependencies\glm\gtx\fast_trigonometry.inl" />
    <None Include="include\dependencies\glm\gtx\float_notmalize.inl" />
    <None Include="include\dependencies\glm\gtx\functions.inl" />
    <None Include="include\dependencies\glm\gtx\gradient_paint.inl" />
    <None Include="include\dependencies\glm\gtx\handed_coordinate_space.inl" />
    <None Include="include\dependencies\glm\gtx\hash.inl" />
    <None Include="include\dependencies\glm\gtx\integer.inl" />
    <None Include="include\dependencies\glm\gtx\intersect.inl" />
    <None Include="include\dependencies\glm\gtx\io.inl" />
    <None Include="include\dependencies\glm\gtx\log_base.inl" />
    <None Include="include\dependencies\glm\gtx\matrix_cross_product.inl" />
    <None Include="include\dependencies\glm\gtx\matrix_decompose.inl" />
    <None Include="include\dependencies\glm\gtx\matrix_factorisation.inl" />
    <None Include="include\dependencies\glm\gtx\matrix_interpolation.inl" />
    <None Include="include\dependencies\glm\gtx\matrix_major_storage.inl" />
    <None Include="include\dependencies\glm\gtx\matrix_operation.inl" />
    <None Include="include\dependencies\glm\gtx\matrix_query.inl" />
    <None Include="include\dependencies\glm\gtx\matrix_transform_2d.inl" />
    <None Include="include\dependencies\glm\gtx\mixed_product.inl" />
    <None Include="include\dependencies\glm\gtx\norm.inl" />
    <None Include="include\dependencies\glm\gtx\normal.inl" />
    <None Include="include\dependencies\glm\gtx\normalize_dot.inl" />
    <None Include="include\dependencies\glm\gtx\number_precision.inl" />
    <None Include="include\dependencies\glm\gtx\optimum_pow.inl" />
    <None Include="include\dependencies\glm\gtx\orthonormalize.inl" />
    <None Include="include\dependencies\glm\gtx\perpendicular.inl" />
    <None Include="include\dependencies\glm\gtx\polar_coordinates.inl" />
    <None Include="include\dependencies\glm\gtx\projection.inl" />
    <None Include="include\dependencies\glm\gtx\quaternion.inl" />
    <None Include="include\dependencies\glm\gtx\raw_data.inl" />
    <None Include="include\dependencies\glm\gtx\rotate_normalized_axis.inl" />
    <None Include="include\dependencies\glm\gtx\rotate_vector.inl" />
    <None Include="include\dependencies\glm\gtx\scalar_relational.inl" />
    <None Include="include\dependencies\glm\gtx\spline.inl" />
    <None Include="include\dependencies\glm\gtx\std_based_type.inl" />
    <None Include="include\dependencies\glm\gtx\string_cast.inl" />
    <None Include="include\dependencies\glm\gtx\texture.inl" />
    <None Include="include\dependencies\glm\gtx\transform.inl" />
    <None Include="include\dependencies\glm\gtx\transform2.inl" />
    <None Include="include\dependencies\glm\gtx\type_aligned.inl" />
    <None Include="include\dependencies\glm\gtx\type_trait.inl" />
    <None Include="include\dependencies\glm\gtx\vector_angle.inl" />
    <None Include="include\dependencies\glm\gtx\vector_query.inl" />
    <None Include="include\dependencies\glm\gtx\wrap.inl" />
  </ItemGroup>
</Project>